
Microsoft Visual Studio Solution File, Format Version 12.00
# Visual Studio Version 17
VisualStudioVersion = 17.3.32901.215
MinimumVisualStudioVersion = 10.0.40219.1
Project("{FAE04EC0-301F-11D3-BF4B-00C04F79EFBC}") = "Examen", "Examen\Examen.csproj", "{4E6D826C-DBD1-440C-93A9-FAF256EEA9EA}"
EndProject
Global
	GlobalSection(SolutionConfigurationPlatforms) = preSolution
		Debug|Any CPU = Debug|Any CPU
		Release|Any CPU = Release|Any CPU
	EndGlobalSection
	GlobalSection(ProjectConfigurationPlatforms) = postSolution
		{4E6D826C-DBD1-440C-93A9-FAF256EEA9EA}.Debug|Any CPU.ActiveCfg = Debug|Any CPU
		{4E6D826C-DBD1-440C-93A9-FAF256EEA9EA}.Debug|Any CPU.Build.0 = Debug|Any CPU
		{4E6D826C-DBD1-440C-93A9-FAF256EEA9EA}.Release|Any CPU.ActiveCfg = Release|Any CPU
		{4E6D826C-DBD1-440C-93A9-FAF256EEA9EA}.Release|Any CPU.Build.0 = Release|Any CPU
	EndGlobalSection
	GlobalSection(SolutionProperties) = preSolution
		HideSolutionNode = FALSE
	EndGlobalSection
	GlobalSection(ExtensibilityGlobals) = postSolution
		SolutionGuid = {BC7CD240-14B7-4363-BCE2-E5A6921B953C}
	EndGlobalSection
EndGlobal
